
Microsoft Visual Studio Solution File, Format Version 12.00
# Visual Studio 15
VisualStudioVersion = 15.0.28307.705
MinimumVisualStudioVersion = 10.0.40219.1
Project("{2150E333-8FDC-42A3-9474-1A3956D46DE8}") = "Microservices", "Microservices", "{5CBD2F59-0B7C-4370-B73C-C20585E3E9A7}"
EndProject
Project("{2150E333-8FDC-42A3-9474-1A3956D46DE8}") = "Domain", "Domain", "{94307235-4221-4695-A094-BDB17596E4B2}"
EndProject
Project("{2150E333-8FDC-42A3-9474-1A3956D46DE8}") = "Infra.Bus", "Infra.Bus", "{75733748-C5AC-42C0-970F-719504665EBA}"
EndProject
Project("{2150E333-8FDC-42A3-9474-1A3956D46DE8}") = "Infra.IoC", "Infra.IoC", "{4EA229FA-A930-4446-A5C7-95CCEEA0FD5C}"
EndProject
Project("{2150E333-8FDC-42A3-9474-1A3956D46DE8}") = "Presentation", "Presentation", "{8B9A47FB-EAF9-42D8-8696-E7E60D22A01B}"
EndProject
Project("{FAE04EC0-301F-11D3-BF4B-00C04F79EFBC}") = "MicroRabbit.Domain.Core", "MicroRabbit.Domain.Core\MicroRabbit.Domain.Core.csproj", "{1C87B221-D62B-4086-AD08-DABE87A59483}"
EndProject
Global
	GlobalSection(SolutionConfigurationPlatforms) = preSolution
		Debug|Any CPU = Debug|Any CPU
		Release|Any CPU = Release|Any CPU
	EndGlobalSection
	GlobalSection(ProjectConfigurationPlatforms) = postSolution
		{1C87B221-D62B-4086-AD08-DABE87A59483}.Debug|Any CPU.ActiveCfg = Debug|Any CPU
		{1C87B221-D62B-4086-AD08-DABE87A59483}.Debug|Any CPU.Build.0 = Debug|Any CPU
		{1C87B221-D62B-4086-AD08-DABE87A59483}.Release|Any CPU.ActiveCfg = Release|Any CPU
		{1C87B221-D62B-4086-AD08-DABE87A59483}.Release|Any CPU.Build.0 = Release|Any CPU
	EndGlobalSection
	GlobalSection(SolutionProperties) = preSolution
		HideSolutionNode = FALSE
	EndGlobalSection
	GlobalSection(NestedProjects) = preSolution
		{1C87B221-D62B-4086-AD08-DABE87A59483} = {94307235-4221-4695-A094-BDB17596E4B2}
	EndGlobalSection
	GlobalSection(ExtensibilityGlobals) = postSolution
		SolutionGuid = {787B1F7C-0EF4-4E15-936E-F77B99EEAA09}
	EndGlobalSection
EndGlobal
